# This file is automatically @generated by Poetry 1.6.1 and should not be changed by hand.

[[package]]
name = "asgiref"
version = "3.7.2"
description = "ASGI specs, helper code, and adapters"
optional = false
python-versions = ">=3.7"
files = [
    {file = "asgiref-3.7.2-py3-none-any.whl", hash = "sha256:89b2ef2247e3b562a16eef663bc0e2e703ec6468e2fa8a5cd61cd449786d4f6e"},
    {file = "asgiref-3.7.2.tar.gz", hash = "sha256:9e0ce3aa93a819ba5b45120216b23878cf6e8525eb3848653452b4192b92afed"},
]

[package.extras]
tests = ["mypy (>=0.800)", "pytest", "pytest-asyncio"]

[[package]]
name = "autopep8"
version = "2.0.4"
description = "A tool that automatically formats Python code to conform to the PEP 8 style guide"
optional = false
python-versions = ">=3.6"
files = [
    {file = "autopep8-2.0.4-py2.py3-none-any.whl", hash = "sha256:067959ca4a07b24dbd5345efa8325f5f58da4298dab0dde0443d5ed765de80cb"},
    {file = "autopep8-2.0.4.tar.gz", hash = "sha256:2913064abd97b3419d1cc83ea71f042cb821f87e45b9c88cad5ad3c4ea87fe0c"},
]

[package.dependencies]
pycodestyle = ">=2.10.0"

[[package]]
name = "babel"
version = "2.13.0"
description = "Internationalization utilities"
optional = false
python-versions = ">=3.7"
files = [
    {file = "Babel-2.13.0-py3-none-any.whl", hash = "sha256:fbfcae1575ff78e26c7449136f1abbefc3c13ce542eeb13d43d50d8b047216ec"},
    {file = "Babel-2.13.0.tar.gz", hash = "sha256:04c3e2d28d2b7681644508f836be388ae49e0cfe91465095340395b60d00f210"},
]

[package.extras]
dev = ["freezegun (>=1.0,<2.0)", "pytest (>=6.0)", "pytest-cov"]

[[package]]
name = "colorama"
version = "0.4.6"
description = "Cross-platform colored terminal text."
optional = false
python-versions = "!=3.0.*,!=3.1.*,!=3.2.*,!=3.3.*,!=3.4.*,!=3.5.*,!=3.6.*,>=2.7"
files = [
    {file = "colorama-0.4.6-py2.py3-none-any.whl", hash = "sha256:4f1d9991f5acc0ca119f9d443620b77f9d6b33703e51011c16baf57afb285fc6"},
    {file = "colorama-0.4.6.tar.gz", hash = "sha256:08695f5cb7ed6e0531a20572697297273c47b8cae5a63ffc6d6ed5c201be6e44"},
]

[[package]]
name = "django"
version = "4.2.6"
description = "A high-level Python web framework that encourages rapid development and clean, pragmatic design."
optional = false
python-versions = ">=3.8"
files = [
    {file = "Django-4.2.6-py3-none-any.whl", hash = "sha256:a64d2487cdb00ad7461434320ccc38e60af9c404773a2f95ab0093b4453a3215"},
    {file = "Django-4.2.6.tar.gz", hash = "sha256:08f41f468b63335aea0d904c5729e0250300f6a1907bf293a65499496cdbc68f"},
]

[package.dependencies]
asgiref = ">=3.6.0,<4"
sqlparse = ">=0.3.1"
tzdata = {version = "*", markers = "sys_platform == \"win32\""}

[package.extras]
argon2 = ["argon2-cffi (>=19.1.0)"]
bcrypt = ["bcrypt"]

[[package]]
name = "django-debug-toolbar"
version = "4.2.0"
description = "A configurable set of panels that display various debug information about the current request/response."
optional = false
python-versions = ">=3.8"
files = [
    {file = "django_debug_toolbar-4.2.0-py3-none-any.whl", hash = "sha256:af99128c06e8e794479e65ab62cc6c7d1e74e1c19beb44dcbf9bad7a9c017327"},
    {file = "django_debug_toolbar-4.2.0.tar.gz", hash = "sha256:bc7fdaafafcdedefcc67a4a5ad9dac96efd6e41db15bc74d402a54a2ba4854dc"},
]

[package.dependencies]
django = ">=3.2.4"
sqlparse = ">=0.2"

[[package]]
name = "django-money"
version = "3.3.0"
description = "Adds support for using money and currency fields in django models and forms. Uses py-moneyed as the money implementation."
optional = false
python-versions = ">=3.7"
files = [
    {file = "django-money-3.3.0.tar.gz", hash = "sha256:5afd4839ec758035c62b214f5d9b61c05687671ddc17d6e452cf0c00207076f1"},
    {file = "django_money-3.3.0-py3-none-any.whl", hash = "sha256:0ed284972985dd749069dfc5e3dced623083b45b8dda3dee166586164977f6d3"},
]

[package.dependencies]
Django = ">=2.2"
py-moneyed = ">=2.0,<3.1"
setuptools = "*"

[package.extras]
exchange = ["certifi"]
test = ["django-stubs", "mixer", "mypy", "pytest (>=3.1.0)", "pytest-cov", "pytest-django", "pytest-pythonpath"]

[[package]]
name = "djangorestframework"
version = "3.14.0"
description = "Web APIs for Django, made easy."
optional = false
python-versions = ">=3.6"
files = [
    {file = "djangorestframework-3.14.0-py3-none-any.whl", hash = "sha256:eb63f58c9f218e1a7d064d17a70751f528ed4e1d35547fdade9aaf4cd103fd08"},
    {file = "djangorestframework-3.14.0.tar.gz", hash = "sha256:579a333e6256b09489cbe0a067e66abe55c6595d8926be6b99423786334350c8"},
]

[package.dependencies]
django = ">=3.0"
pytz = "*"

[[package]]
name = "drf-nested-routers"
version = "0.93.4"
description = "Nested resources for the Django Rest Framework"
optional = false
python-versions = ">=3.5"
files = [
    {file = "drf-nested-routers-0.93.4.tar.gz", hash = "sha256:01aa556b8c08608bb74fb34f6ca065a5183f2cda4dc0478192cc17a2581d71b0"},
    {file = "drf_nested_routers-0.93.4-py2.py3-none-any.whl", hash = "sha256:996b77f3f4dfaf64569e7b8f04e3919945f90f95366838ca5b8bed9dd709d6c5"},
]

[package.dependencies]
Django = ">=1.11"
djangorestframework = ">=3.6.0"

[[package]]
name = "mysql-connector-python"
version = "8.1.0"
description = "MySQL driver written in Python"
optional = false
python-versions = ">=3.8"
files = [
    {file = "mysql-connector-python-8.1.0.tar.gz", hash = "sha256:78a43eeb2b845986dc769ab611e3c480991c8037c94aee67ee6842d1f7e961a9"},
    {file = "mysql_connector_python-8.1.0-cp310-cp310-macosx_12_0_arm64.whl", hash = "sha256:4f58e1d41b3ba04281099884421c3a63589204b2cf40e473c5dbebbc26971017"},
    {file = "mysql_connector_python-8.1.0-cp310-cp310-macosx_12_0_x86_64.whl", hash = "sha256:8062c11619bc48baf9ada3f85d85832aec5e57359eb11ed9e7d75ddcce81721a"},
    {file = "mysql_connector_python-8.1.0-cp310-cp310-manylinux_2_17_aarch64.whl", hash = "sha256:5f1cdf9d3ed2f3c70a91c4b94d3ab3b2890c477a61b4085bb89d2275c50e1e3d"},
    {file = "mysql_connector_python-8.1.0-cp310-cp310-manylinux_2_17_x86_64.whl", hash = "sha256:556f83cfc3e1f3e3db0080bb19ca50650815551ef7e10518053fe2ba76d2e59e"},
    {file = "mysql_connector_python-8.1.0-cp310-cp310-win_amd64.whl", hash = "sha256:dd0005e9b7e54c700745416ecf26435c69687d5234eef9ff11cf85a7d76945e2"},
    {file = "mysql_connector_python-8.1.0-cp311-cp311-macosx_12_0_arm64.whl", hash = "sha256:1d292d8ee08a3e0103f3e9aba81f292c12c244c1d5345168375bf6842b2b3e9b"},
    {file = "mysql_connector_python-8.1.0-cp311-cp311-macosx_12_0_x86_64.whl", hash = "sha256:64f4d7f7c60e2fe5a01d9e7915634d05a350bd866332ea4eab281b29db190e2b"},
    {file = "mysql_connector_python-8.1.0-cp311-cp311-manylinux_2_17_aarch64.whl", hash = "sha256:7f1cbc06411115c318af775291386ed1494302e05b5c45da73f01593c0827bc1"},
    {file = "mysql_connector_python-8.1.0-cp311-cp311-manylinux_2_17_x86_64.whl", hash = "sha256:89151683654748f4de59cd4cf04102b6180976923f1db9921b87cff2c2da7b1d"},
    {file = "mysql_connector_python-8.1.0-cp311-cp311-win_amd64.whl", hash = "sha256:f36a1a308d0d0d6202fea2e51741b5265f60206be331cfbb32f2f5bf62a20359"},
    {file = "mysql_connector_python-8.1.0-cp38-cp38-macosx_12_0_x86_64.whl", hash = "sha256:f8160777788c7e561f9d7f93eff45776031c83aa2f02a0d8c138d8f9c9bd088e"},
    {file = "mysql_connector_python-8.1.0-cp38-cp38-manylinux_2_17_aarch64.whl", hash = "sha256:e3a2c2b398af1c5f0cbc1b1935f98bb5a7da4f178b2e73f0851872fbb37e66cc"},
    {file = "mysql_connector_python-8.1.0-cp38-cp38-manylinux_2_17_x86_64.whl", hash = "sha256:f2ac6d43fc5a01e574fcc2a6b732cc2374e6ce576ee039cc2051f18d2daafd6d"},
    {file = "mysql_connector_python-8.1.0-cp38-cp38-win_amd64.whl", hash = "sha256:22259479bdba53e0eb64325d5d97d7ecae35e729a8b39822c16729476ba2cd92"},
    {file = "mysql_connector_python-8.1.0-cp39-cp39-macosx_12_0_arm64.whl", hash = "sha256:816b46c9dc250a0e59d11a902e187be190dae992a2b802512b888930db380487"},
    {file = "mysql_connector_python-8.1.0-cp39-cp39-macosx_12_0_x86_64.whl", hash = "sha256:90adf52cdb25a7adc18da0cc6c5454709598af0e87343e39ab2c11d7dc5aaf34"},
    {file = "mysql_connector_python-8.1.0-cp39-cp39-manylinux_2_17_aarch64.whl", hash = "sha256:76432810ee58abda81e0a34666f86aba69a7ded58f164a1d19835dba70b1451b"},
    {file = "mysql_connector_python-8.1.0-cp39-cp39-manylinux_2_17_x86_64.whl", hash = "sha256:9cc256eaf55a7dd706ae514bebb863d3e426bd12686b88e284bdad6c37bf6dde"},
    {file = "mysql_connector_python-8.1.0-cp39-cp39-win_amd64.whl", hash = "sha256:40e3b5d60dbc5446ccd1901eb3db4c9b1ad07a490f4e0fc96e7ac53a6fe9b7bc"},
    {file = "mysql_connector_python-8.1.0-py2.py3-none-any.whl", hash = "sha256:7abe27b88ae1354433713fc289ed663cc04f7b75ea818a2b18067c3a736b0975"},
]

[package.dependencies]
protobuf = ">=4.21.1,<=4.21.12"

[package.extras]
compression = ["lz4 (>=2.1.6,<=4.3.2)", "zstandard (>=0.12.0,<=0.19.0)"]
dns-srv = ["dnspython (>=1.16.0,<=2.3.0)"]
gssapi = ["gssapi (>=1.6.9,<=1.8.2)"]
opentelemetry = ["Deprecated (>=1.2.6)", "typing-extensions (>=3.7.4)", "zipp (>=0.5)"]

[[package]]
name = "mysqlclient"
version = "2.2.0"
description = "Python interface to MySQL"
optional = false
python-versions = ">=3.8"
files = [
    {file = "mysqlclient-2.2.0-cp310-cp310-win_amd64.whl", hash = "sha256:68837b6bb23170acffb43ae411e47533a560b6360c06dac39aa55700972c93b2"},
    {file = "mysqlclient-2.2.0-cp311-cp311-win_amd64.whl", hash = "sha256:5670679ff1be1cc3fef0fa81bf39f0cd70605ba121141050f02743eb878ac114"},
    {file = "mysqlclient-2.2.0-cp38-cp38-win_amd64.whl", hash = "sha256:004fe1d30d2c2ff8072f8ea513bcec235fd9b896f70dad369461d0ad7e570e98"},
    {file = "mysqlclient-2.2.0-cp39-cp39-win_amd64.whl", hash = "sha256:9c6b142836c7dba4f723bf9c93cc46b6e5081d65b2af807f400dda9eb85a16d0"},
    {file = "mysqlclient-2.2.0-pp38-pypy38_pp73-win_amd64.whl", hash = "sha256:955dba905a7443ce4788c63fdb9f8d688316260cf60b20ff51ac3b1c77616ede"},
    {file = "mysqlclient-2.2.0-pp39-pypy39_pp73-win_amd64.whl", hash = "sha256:530ece9995a36cadb6211b9787f0c9e05cdab6702549bdb4236af5e9b535ed6a"},
    {file = "mysqlclient-2.2.0.tar.gz", hash = "sha256:04368445f9c487d8abb7a878e3d23e923e6072c04a6c320f9e0dc8a82efba14e"},
]

[[package]]
name = "protobuf"
version = "4.21.12"
description = ""
optional = false
python-versions = ">=3.7"
files = [
    {file = "protobuf-4.21.12-cp310-abi3-win32.whl", hash = "sha256:b135410244ebe777db80298297a97fbb4c862c881b4403b71bac9d4107d61fd1"},
    {file = "protobuf-4.21.12-cp310-abi3-win_amd64.whl", hash = "sha256:89f9149e4a0169cddfc44c74f230d7743002e3aa0b9472d8c28f0388102fc4c2"},
    {file = "protobuf-4.21.12-cp37-abi3-macosx_10_9_universal2.whl", hash = "sha256:299ea899484ee6f44604deb71f424234f654606b983cb496ea2a53e3c63ab791"},
    {file = "protobuf-4.21.12-cp37-abi3-manylinux2014_aarch64.whl", hash = "sha256:d1736130bce8cf131ac7957fa26880ca19227d4ad68b4888b3be0dea1f95df97"},
    {file = "protobuf-4.21.12-cp37-abi3-manylinux2014_x86_64.whl", hash = "sha256:78a28c9fa223998472886c77042e9b9afb6fe4242bd2a2a5aced88e3f4422aa7"},
    {file = "protobuf-4.21.12-cp37-cp37m-win32.whl", hash = "sha256:3d164928ff0727d97022957c2b849250ca0e64777ee31efd7d6de2e07c494717"},
    {file = "protobuf-4.21.12-cp37-cp37m-win_amd64.whl", hash = "sha256:f45460f9ee70a0ec1b6694c6e4e348ad2019275680bd68a1d9314b8c7e01e574"},
    {file = "protobuf-4.21.12-cp38-cp38-win32.whl", hash = "sha256:6ab80df09e3208f742c98443b6166bcb70d65f52cfeb67357d52032ea1ae9bec"},
    {file = "protobuf-4.21.12-cp38-cp38-win_amd64.whl", hash = "sha256:1f22ac0ca65bb70a876060d96d914dae09ac98d114294f77584b0d2644fa9c30"},
    {file = "protobuf-4.21.12-cp39-cp39-win32.whl", hash = "sha256:27f4d15021da6d2b706ddc3860fac0a5ddaba34ab679dc182b60a8bb4e1121cc"},
    {file = "protobuf-4.21.12-cp39-cp39-win_amd64.whl", hash = "sha256:237216c3326d46808a9f7c26fd1bd4b20015fb6867dc5d263a493ef9a539293b"},
    {file = "protobuf-4.21.12-py2.py3-none-any.whl", hash = "sha256:a53fd3f03e578553623272dc46ac2f189de23862e68565e83dde203d41b76fc5"},
    {file = "protobuf-4.21.12-py3-none-any.whl", hash = "sha256:b98d0148f84e3a3c569e19f52103ca1feacdac0d2df8d6533cf983d1fda28462"},
    {file = "protobuf-4.21.12.tar.gz", hash = "sha256:7cd532c4566d0e6feafecc1059d04c7915aec8e182d1cf7adee8b24ef1e2e6ab"},
]

[[package]]
name = "py-moneyed"
version = "3.0"
description = "Provides Currency and Money classes for use in your Python code."
optional = false
python-versions = ">=3.7"
files = [
    {file = "py-moneyed-3.0.tar.gz", hash = "sha256:4906f0f02cf2b91edba2e156f2d4e9a78f224059ab8c8fa2ff26230c75d894e8"},
    {file = "py_moneyed-3.0-py3-none-any.whl", hash = "sha256:9583a14f99c05b46196193d8185206e9b73c8439fc8a5eee9cfc7e733676d9bb"},
]

[package.dependencies]
babel = ">=2.8.0"
typing-extensions = ">=3.7.4.3"

[package.extras]
tests = ["pytest (>=2.3.0)", "tox (>=1.6.0)"]
type-tests = ["mypy (>=0.812)", "pytest (>=2.3.0)", "pytest-mypy-plugins"]

[[package]]
name = "pycodestyle"
version = "2.11.1"
description = "Python style guide checker"
optional = false
python-versions = ">=3.8"
files = [
    {file = "pycodestyle-2.11.1-py2.py3-none-any.whl", hash = "sha256:44fe31000b2d866f2e41841b18528a505fbd7fef9017b04eff4e2648a0fadc67"},
    {file = "pycodestyle-2.11.1.tar.gz", hash = "sha256:41ba0e7afc9752dfb53ced5489e89f8186be00e599e712660695b7a75ff2663f"},
]

[[package]]
name = "pytz"
version = "2023.3.post1"
description = "World timezone definitions, modern and historical"
optional = false
python-versions = "*"
files = [
    {file = "pytz-2023.3.post1-py2.py3-none-any.whl", hash = "sha256:ce42d816b81b68506614c11e8937d3aa9e41007ceb50bfdcb0749b921bf646c7"},
    {file = "pytz-2023.3.post1.tar.gz", hash = "sha256:7b4fddbeb94a1eba4b557da24f19fdf9db575192544270a9101d8509f9f43d7b"},
]

[[package]]
name = "setuptools"
version = "68.2.2"
description = "Easily download, build, install, upgrade, and uninstall Python packages"
optional = false
python-versions = ">=3.8"
files = [
    {file = "setuptools-68.2.2-py3-none-any.whl", hash = "sha256:b454a35605876da60632df1a60f736524eb73cc47bbc9f3f1ef1b644de74fd2a"},
    {file = "setuptools-68.2.2.tar.gz", hash = "sha256:4ac1475276d2f1c48684874089fefcd83bd7162ddaafb81fac866ba0db282a87"},
]

[package.extras]
docs = ["furo", "jaraco.packaging (>=9.3)", "jaraco.tidelift (>=1.4)", "pygments-github-lexers (==0.0.5)", "rst.linker (>=1.9)", "sphinx (>=3.5)", "sphinx-favicon", "sphinx-hoverxref (<2)", "sphinx-inline-tabs", "sphinx-lint", "sphinx-notfound-page (>=1,<2)", "sphinx-reredirects", "sphinxcontrib-towncrier"]
testing = ["build[virtualenv]", "filelock (>=3.4.0)", "flake8-2020", "ini2toml[lite] (>=0.9)", "jaraco.develop (>=7.21)", "jaraco.envs (>=2.2)", "jaraco.path (>=3.2.0)", "pip (>=19.1)", "pytest (>=6)", "pytest-black (>=0.3.7)", "pytest-checkdocs (>=2.4)", "pytest-cov", "pytest-enabler (>=2.2)", "pytest-mypy (>=0.9.1)", "pytest-perf", "pytest-ruff", "pytest-timeout", "pytest-xdist", "tomli-w (>=1.0.0)", "virtualenv (>=13.0.0)", "wheel"]
testing-integration = ["build[virtualenv] (>=1.0.3)", "filelock (>=3.4.0)", "jaraco.envs (>=2.2)", "jaraco.path (>=3.2.0)", "packaging (>=23.1)", "pytest", "pytest-enabler", "pytest-xdist", "tomli", "virtualenv (>=13.0.0)", "wheel"]

[[package]]
name = "sqlparse"
version = "0.4.4"
description = "A non-validating SQL parser."
optional = false
python-versions = ">=3.5"
files = [
    {file = "sqlparse-0.4.4-py3-none-any.whl", hash = "sha256:5430a4fe2ac7d0f93e66f1efc6e1338a41884b7ddf2a350cedd20ccc4d9d28f3"},
    {file = "sqlparse-0.4.4.tar.gz", hash = "sha256:d446183e84b8349fa3061f0fe7f06ca94ba65b426946ffebe6e3e8295332420c"},
]

[package.extras]
dev = ["build", "flake8"]
doc = ["sphinx"]
test = ["pytest", "pytest-cov"]

[[package]]
name = "termcolor"
version = "2.3.0"
description = "ANSI color formatting for output in terminal"
optional = false
python-versions = ">=3.7"
files = [
    {file = "termcolor-2.3.0-py3-none-any.whl", hash = "sha256:3afb05607b89aed0ffe25202399ee0867ad4d3cb4180d98aaf8eefa6a5f7d475"},
    {file = "termcolor-2.3.0.tar.gz", hash = "sha256:b5b08f68937f138fe92f6c089b99f1e2da0ae56c52b78bf7075fd95420fd9a5a"},
]

[package.extras]
tests = ["pytest", "pytest-cov"]

[[package]]
name = "tqdm"
version = "4.66.1"
description = "Fast, Extensible Progress Meter"
optional = false
python-versions = ">=3.7"
files = [
    {file = "tqdm-4.66.1-py3-none-any.whl", hash = "sha256:d302b3c5b53d47bce91fea46679d9c3c6508cf6332229aa1e7d8653723793386"},
    {file = "tqdm-4.66.1.tar.gz", hash = "sha256:d88e651f9db8d8551a62556d3cff9e3034274ca5d66e93197cf2490e2dcb69c7"},
]

[package.dependencies]
colorama = {version = "*", markers = "platform_system == \"Windows\""}

[package.extras]
dev = ["pytest (>=6)", "pytest-cov", "pytest-timeout", "pytest-xdist"]
notebook = ["ipywidgets (>=6)"]
slack = ["slack-sdk"]
telegram = ["requests"]

[[package]]
name = "typing-extensions"
version = "4.8.0"
description = "Backported and Experimental Type Hints for Python 3.8+"
optional = false
python-versions = ">=3.8"
files = [
    {file = "typing_extensions-4.8.0-py3-none-any.whl", hash = "sha256:8f92fc8806f9a6b641eaa5318da32b44d401efaac0f6678c9bc448ba3605faa0"},
    {file = "typing_extensions-4.8.0.tar.gz", hash = "sha256:df8e4339e9cb77357558cbdbceca33c303714cf861d1eef15e1070055ae8b7ef"},
]

[[package]]
name = "tzdata"
version = "2023.3"
description = "Provider of IANA time zone data"
optional = false
python-versions = ">=2"
files = [
    {file = "tzdata-2023.3-py2.py3-none-any.whl", hash = "sha256:7e65763eef3120314099b6939b5546db7adce1e7d6f2e179e3df563c70511eda"},
    {file = "tzdata-2023.3.tar.gz", hash = "sha256:11ef1e08e54acb0d4f95bdb1be05da659673de4acbd21bf9c69e94cc5e907a3a"},
]

[[package]]
name = "ujson"
version = "5.8.0"
description = "Ultra fast JSON encoder and decoder for Python"
optional = false
python-versions = ">=3.8"
files = [
    {file = "ujson-5.8.0-cp310-cp310-macosx_10_9_x86_64.whl", hash = "sha256:f4511560d75b15ecb367eef561554959b9d49b6ec3b8d5634212f9fed74a6df1"},
    {file = "ujson-5.8.0-cp310-cp310-macosx_11_0_arm64.whl", hash = "sha256:9399eaa5d1931a0ead49dce3ffacbea63f3177978588b956036bfe53cdf6af75"},
    {file = "ujson-5.8.0-cp310-cp310-manylinux_2_17_aarch64.manylinux2014_aarch64.whl", hash = "sha256:c4e7bb7eba0e1963f8b768f9c458ecb193e5bf6977090182e2b4f4408f35ac76"},
    {file = "ujson-5.8.0-cp310-cp310-manylinux_2_17_x86_64.manylinux2014_x86_64.whl", hash = "sha256:40931d7c08c4ce99adc4b409ddb1bbb01635a950e81239c2382cfe24251b127a"},
    {file = "ujson-5.8.0-cp310-cp310-manylinux_2_5_i686.manylinux1_i686.manylinux_2_17_i686.manylinux2014_i686.whl", hash = "sha256:d53039d39de65360e924b511c7ca1a67b0975c34c015dd468fca492b11caa8f7"},
    {file = "ujson-5.8.0-cp310-cp310-musllinux_1_1_aarch64.whl", hash = "sha256:bdf04c6af3852161be9613e458a1fb67327910391de8ffedb8332e60800147a2"},
    {file = "ujson-5.8.0-cp310-cp310-musllinux_1_1_i686.whl", hash = "sha256:a70f776bda2e5072a086c02792c7863ba5833d565189e09fabbd04c8b4c3abba"},
    {file = "ujson-5.8.0-cp310-cp310-musllinux_1_1_x86_64.whl", hash = "sha256:f26629ac531d712f93192c233a74888bc8b8212558bd7d04c349125f10199fcf"},
    {file = "ujson-5.8.0-cp310-cp310-win32.whl", hash = "sha256:7ecc33b107ae88405aebdb8d82c13d6944be2331ebb04399134c03171509371a"},
    {file = "ujson-5.8.0-cp310-cp310-win_amd64.whl", hash = "sha256:3b27a8da7a080add559a3b73ec9ebd52e82cc4419f7c6fb7266e62439a055ed0"},
    {file = "ujson-5.8.0-cp311-cp311-macosx_10_9_x86_64.whl", hash = "sha256:193349a998cd821483a25f5df30b44e8f495423840ee11b3b28df092ddfd0f7f"},
    {file = "ujson-5.8.0-cp311-cp311-macosx_11_0_arm64.whl", hash = "sha256:4ddeabbc78b2aed531f167d1e70387b151900bc856d61e9325fcdfefb2a51ad8"},
    {file = "ujson-5.8.0-cp311-cp311-manylinux_2_17_aarch64.manylinux2014_aarch64.whl", hash = "sha256:5ce24909a9c25062e60653073dd6d5e6ec9d6ad7ed6e0069450d5b673c854405"},
    {file = "ujson-5.8.0-cp311-cp311-manylinux_2_17_x86_64.manylinux2014_x86_64.whl", hash = "sha256:27a2a3c7620ebe43641e926a1062bc04e92dbe90d3501687957d71b4bdddaec4"},
    {file = "ujson-5.8.0-cp311-cp311-manylinux_2_5_i686.manylinux1_i686.manylinux_2_17_i686.manylinux2014_i686.whl", hash = "sha256:2b852bdf920fe9f84e2a2c210cc45f1b64f763b4f7d01468b33f7791698e455e"},
    {file = "ujson-5.8.0-cp311-cp311-musllinux_1_1_aarch64.whl", hash = "sha256:20768961a6a706170497129960762ded9c89fb1c10db2989c56956b162e2a8a3"},
    {file = "ujson-5.8.0-cp311-cp311-musllinux_1_1_i686.whl", hash = "sha256:e0147d41e9fb5cd174207c4a2895c5e24813204499fd0839951d4c8784a23bf5"},
    {file = "ujson-5.8.0-cp311-cp311-musllinux_1_1_x86_64.whl", hash = "sha256:e3673053b036fd161ae7a5a33358ccae6793ee89fd499000204676baafd7b3aa"},
    {file = "ujson-5.8.0-cp311-cp311-win32.whl", hash = "sha256:a89cf3cd8bf33a37600431b7024a7ccf499db25f9f0b332947fbc79043aad879"},
    {file = "ujson-5.8.0-cp311-cp311-win_amd64.whl", hash = "sha256:3659deec9ab9eb19e8646932bfe6fe22730757c4addbe9d7d5544e879dc1b721"},
    {file = "ujson-5.8.0-cp312-cp312-macosx_10_9_x86_64.whl", hash = "sha256:102bf31c56f59538cccdfec45649780ae00657e86247c07edac434cb14d5388c"},
    {file = "ujson-5.8.0-cp312-cp312-macosx_11_0_arm64.whl", hash = "sha256:299a312c3e85edee1178cb6453645217ba23b4e3186412677fa48e9a7f986de6"},
    {file = "ujson-5.8.0-cp312-cp312-manylinux_2_17_aarch64.manylinux2014_aarch64.whl", hash = "sha256:f2e385a7679b9088d7bc43a64811a7713cc7c33d032d020f757c54e7d41931ae"},
    {file = "ujson-5.8.0-cp312-cp312-manylinux_2_17_x86_64.manylinux2014_x86_64.whl", hash = "sha256:ad24ec130855d4430a682c7a60ca0bc158f8253ec81feed4073801f6b6cb681b"},
    {file = "ujson-5.8.0-cp312-cp312-manylinux_2_5_i686.manylinux1_i686.manylinux_2_17_i686.manylinux2014_i686.whl", hash = "sha256:16fde596d5e45bdf0d7de615346a102510ac8c405098e5595625015b0d4b5296"},
    {file = "ujson-5.8.0-cp312-cp312-musllinux_1_1_aarch64.whl", hash = "sha256:6d230d870d1ce03df915e694dcfa3f4e8714369cce2346686dbe0bc8e3f135e7"},
    {file = "ujson-5.8.0-cp312-cp312-musllinux_1_1_i686.whl", hash = "sha256:9571de0c53db5cbc265945e08f093f093af2c5a11e14772c72d8e37fceeedd08"},
    {file = "ujson-5.8.0-cp312-cp312-musllinux_1_1_x86_64.whl", hash = "sha256:7cba16b26efe774c096a5e822e4f27097b7c81ed6fb5264a2b3f5fd8784bab30"},
    {file = "ujson-5.8.0-cp312-cp312-win32.whl", hash = "sha256:48c7d373ff22366eecfa36a52b9b55b0ee5bd44c2b50e16084aa88b9de038916"},
    {file = "ujson-5.8.0-cp312-cp312-win_amd64.whl", hash = "sha256:5ac97b1e182d81cf395ded620528c59f4177eee024b4b39a50cdd7b720fdeec6"},
    {file = "ujson-5.8.0-cp38-cp38-macosx_10_9_x86_64.whl", hash = "sha256:2a64cc32bb4a436e5813b83f5aab0889927e5ea1788bf99b930fad853c5625cb"},
    {file = "ujson-5.8.0-cp38-cp38-macosx_11_0_arm64.whl", hash = "sha256:e54578fa8838ddc722539a752adfce9372474114f8c127bb316db5392d942f8b"},
    {file = "ujson-5.8.0-cp38-cp38-manylinux_2_17_aarch64.manylinux2014_aarch64.whl", hash = "sha256:9721cd112b5e4687cb4ade12a7b8af8b048d4991227ae8066d9c4b3a6642a582"},
    {file = "ujson-5.8.0-cp38-cp38-manylinux_2_17_x86_64.manylinux2014_x86_64.whl", hash = "sha256:9d9707e5aacf63fb919f6237d6490c4e0244c7f8d3dc2a0f84d7dec5db7cb54c"},
    {file = "ujson-5.8.0-cp38-cp38-manylinux_2_5_i686.manylinux1_i686.manylinux_2_17_i686.manylinux2014_i686.whl", hash = "sha256:0be81bae295f65a6896b0c9030b55a106fb2dec69ef877253a87bc7c9c5308f7"},
    {file = "ujson-5.8.0-cp38-cp38-musllinux_1_1_aarch64.whl", hash = "sha256:ae7f4725c344bf437e9b881019c558416fe84ad9c6b67426416c131ad577df67"},
    {file = "ujson-5.8.0-cp38-cp38-musllinux_1_1_i686.whl", hash = "sha256:9ab282d67ef3097105552bf151438b551cc4bedb3f24d80fada830f2e132aeb9"},
    {file = "ujson-5.8.0-cp38-cp38-musllinux_1_1_x86_64.whl", hash = "sha256:94c7bd9880fa33fcf7f6d7f4cc032e2371adee3c5dba2922b918987141d1bf07"},
    {file = "ujson-5.8.0-cp38-cp38-win32.whl", hash = "sha256:bf5737dbcfe0fa0ac8fa599eceafae86b376492c8f1e4b84e3adf765f03fb564"},
    {file = "ujson-5.8.0-cp38-cp38-win_amd64.whl", hash = "sha256:11da6bed916f9bfacf13f4fc6a9594abd62b2bb115acfb17a77b0f03bee4cfd5"},
    {file = "ujson-5.8.0-cp39-cp39-macosx_10_9_x86_64.whl", hash = "sha256:69b3104a2603bab510497ceabc186ba40fef38ec731c0ccaa662e01ff94a985c"},
    {file = "ujson-5.8.0-cp39-cp39-macosx_11_0_arm64.whl", hash = "sha256:9249fdefeb021e00b46025e77feed89cd91ffe9b3a49415239103fc1d5d9c29a"},
    {file = "ujson-5.8.0-cp39-cp39-manylinux_2_17_aarch64.manylinux2014_aarch64.whl", hash = "sha256:2873d196725a8193f56dde527b322c4bc79ed97cd60f1d087826ac3290cf9207"},
    {file = "ujson-5.8.0-cp39-cp39-manylinux_2_17_x86_64.manylinux2014_x86_64.whl", hash = "sha256:6a4dafa9010c366589f55afb0fd67084acd8added1a51251008f9ff2c3e44042"},
    {file = "ujson-5.8.0-cp39-cp39-manylinux_2_5_i686.manylinux1_i686.manylinux_2_17_i686.manylinux2014_i686.whl", hash = "sha256:7a42baa647a50fa8bed53d4e242be61023bd37b93577f27f90ffe521ac9dc7a3"},
    {file = "ujson-5.8.0-cp39-cp39-musllinux_1_1_aarch64.whl", hash = "sha256:f3554eaadffe416c6f543af442066afa6549edbc34fe6a7719818c3e72ebfe95"},
    {file = "ujson-5.8.0-cp39-cp39-musllinux_1_1_i686.whl", hash = "sha256:fb87decf38cc82bcdea1d7511e73629e651bdec3a43ab40985167ab8449b769c"},
    {file = "ujson-5.8.0-cp39-cp39-musllinux_1_1_x86_64.whl", hash = "sha256:407d60eb942c318482bbfb1e66be093308bb11617d41c613e33b4ce5be789adc"},
    {file = "ujson-5.8.0-cp39-cp39-win32.whl", hash = "sha256:0fe1b7edaf560ca6ab023f81cbeaf9946a240876a993b8c5a21a1c539171d903"},
    {file = "ujson-5.8.0-cp39-cp39-win_amd64.whl", hash = "sha256:3f9b63530a5392eb687baff3989d0fb5f45194ae5b1ca8276282fb647f8dcdb3"},
    {file = "ujson-5.8.0-pp38-pypy38_pp73-macosx_10_9_x86_64.whl", hash = "sha256:efeddf950fb15a832376c0c01d8d7713479fbeceaed1eaecb2665aa62c305aec"},
    {file = "ujson-5.8.0-pp38-pypy38_pp73-manylinux_2_17_aarch64.manylinux2014_aarch64.whl", hash = "sha256:7d8283ac5d03e65f488530c43d6610134309085b71db4f675e9cf5dff96a8282"},
    {file = "ujson-5.8.0-pp38-pypy38_pp73-manylinux_2_17_x86_64.manylinux2014_x86_64.whl", hash = "sha256:eb0142f6f10f57598655340a3b2c70ed4646cbe674191da195eb0985a9813b83"},
    {file = "ujson-5.8.0-pp38-pypy38_pp73-manylinux_2_5_i686.manylinux1_i686.manylinux_2_17_i686.manylinux2014_i686.whl", hash = "sha256:07d459aca895eb17eb463b00441986b021b9312c6c8cc1d06880925c7f51009c"},
    {file = "ujson-5.8.0-pp38-pypy38_pp73-win_amd64.whl", hash = "sha256:d524a8c15cfc863705991d70bbec998456a42c405c291d0f84a74ad7f35c5109"},
    {file = "ujson-5.8.0-pp39-pypy39_pp73-macosx_10_9_x86_64.whl", hash = "sha256:d6f84a7a175c75beecde53a624881ff618e9433045a69fcfb5e154b73cdaa377"},
    {file = "ujson-5.8.0-pp39-pypy39_pp73-manylinux_2_17_aarch64.manylinux2014_aarch64.whl", hash = "sha256:b748797131ac7b29826d1524db1cc366d2722ab7afacc2ce1287cdafccddbf1f"},
    {file = "ujson-5.8.0-pp39-pypy39_pp73-manylinux_2_17_x86_64.manylinux2014_x86_64.whl", hash = "sha256:2e72ba76313d48a1a3a42e7dc9d1db32ea93fac782ad8dde6f8b13e35c229130"},
    {file = "ujson-5.8.0-pp39-pypy39_pp73-manylinux_2_5_i686.manylinux1_i686.manylinux_2_17_i686.manylinux2014_i686.whl", hash = "sha256:f504117a39cb98abba4153bf0b46b4954cc5d62f6351a14660201500ba31fe7f"},
    {file = "ujson-5.8.0-pp39-pypy39_pp73-win_amd64.whl", hash = "sha256:a8c91b6f4bf23f274af9002b128d133b735141e867109487d17e344d38b87d94"},
    {file = "ujson-5.8.0.tar.gz", hash = "sha256:78e318def4ade898a461b3d92a79f9441e7e0e4d2ad5419abed4336d702c7425"},
]

[[package]]
name = "yaspin"
version = "3.0.1"
description = "Yet Another Terminal Spinner"
optional = false
python-versions = ">=3.9,<4.0"
files = [
    {file = "yaspin-3.0.1-py3-none-any.whl", hash = "sha256:c4b5d2ca23ae664b87a5cd53401c5107cef12668a71d9ee5ea5536045f364121"},
    {file = "yaspin-3.0.1.tar.gz", hash = "sha256:9c04aa69cce9be83e1ea3134a6712e749e6c0c9cd02599023713e6befd7bf369"},
]

[package.dependencies]
termcolor = ">=2.3,<3.0"

[metadata]
lock-version = "2.0"
python-versions = "^3.11"
content-hash = "d31c2979eaa0e98cd5978d553ca4bc0c5bbf342f38d31eb6f4dc928c27fc3f8e"
